// !$*UTF8*$!
{
	archiveVersion = 1;
	classes = {
	};
	objectVersion = 46;
	objects = {

/* Begin PBXBuildFile section */
		1E403FFC196C4D6D00312CC6 /* Foundation.framework in Frameworks */ = {isa = PBXBuildFile; fileRef = 1E403FFB196C4D6D00312CC6 /* Foundation.framework */; };
		1E403FFE196C4D6D00312CC6 /* CoreGraphics.framework in Frameworks */ = {isa = PBXBuildFile; fileRef = 1E403FFD196C4D6D00312CC6 /* CoreGraphics.framework */; };
		1E404000196C4D6D00312CC6 /* UIKit.framework in Frameworks */ = {isa = PBXBuildFile; fileRef = 1E403FFF196C4D6D00312CC6 /* UIKit.framework */; };
		1E404006196C4D6D00312CC6 /* InfoPlist.strings in Resources */ = {isa = PBXBuildFile; fileRef = 1E404004196C4D6D00312CC6 /* InfoPlist.strings */; };
		1E404008196C4D6D00312CC6 /* main.m in Sources */ = {isa = PBXBuildFile; fileRef = 1E404007196C4D6D00312CC6 /* main.m */; };
		1E40400C196C4D6D00312CC6 /* STSAppDelegate.m in Sources */ = {isa = PBXBuildFile; fileRef = 1E40400B196C4D6D00312CC6 /* STSAppDelegate.m */; };
		1E404012196C4D6D00312CC6 /* STSViewController.m in Sources */ = {isa = PBXBuildFile; fileRef = 1E404011196C4D6D00312CC6 /* STSViewController.m */; };
		1E404014196C4D6D00312CC6 /* Images.xcassets in Resources */ = {isa = PBXBuildFile; fileRef = 1E404013196C4D6D00312CC6 /* Images.xcassets */; };
		1E40401B196C4D6D00312CC6 /* XCTest.framework in Frameworks */ = {isa = PBXBuildFile; fileRef = 1E40401A196C4D6D00312CC6 /* XCTest.framework */; };
		1E40401C196C4D6D00312CC6 /* Foundation.framework in Frameworks */ = {isa = PBXBuildFile; fileRef = 1E403FFB196C4D6D00312CC6 /* Foundation.framework */; };
		1E40401D196C4D6D00312CC6 /* UIKit.framework in Frameworks */ = {isa = PBXBuildFile; fileRef = 1E403FFF196C4D6D00312CC6 /* UIKit.framework */; };
		1E404025196C4D6D00312CC6 /* InfoPlist.strings in Resources */ = {isa = PBXBuildFile; fileRef = 1E404023196C4D6D00312CC6 /* InfoPlist.strings */; };
		1E404027196C4D6D00312CC6 /* BubblesTests.m in Sources */ = {isa = PBXBuildFile; fileRef = 1E404026196C4D6D00312CC6 /* BubblesTests.m */; };
		1E404031196C4F7E00312CC6 /* SpriteKit.framework in Frameworks */ = {isa = PBXBuildFile; fileRef = 1E404030196C4F7E00312CC6 /* SpriteKit.framework */; };
		1E404034196C508600312CC6 /* STSGameScene.m in Sources */ = {isa = PBXBuildFile; fileRef = 1E404033196C508600312CC6 /* STSGameScene.m */; };
		1E92702F196CB567007677E6 /* STSDerpyViewController.m in Sources */ = {isa = PBXBuildFile; fileRef = 1E92702E196CB567007677E6 /* STSDerpyViewController.m */; };
		1E927032196CB5CB007677E6 /* STSDerpyGameScene.m in Sources */ = {isa = PBXBuildFile; fileRef = 1E927031196CB5CB007677E6 /* STSDerpyGameScene.m */; };
		1EBFF82B196CBECE00BF23DD /* STSHelloScene.m in Sources */ = {isa = PBXBuildFile; fileRef = 1EBFF82A196CBECE00BF23DD /* STSHelloScene.m */; };
		1EBFF82E196CC1BD00BF23DD /* STSNavigationViewController.m in Sources */ = {isa = PBXBuildFile; fileRef = 1EBFF82D196CC1BD00BF23DD /* STSNavigationViewController.m */; };
/* End PBXBuildFile section */

/* Begin PBXContainerItemProxy section */
		1E40401E196C4D6D00312CC6 /* PBXContainerItemProxy */ = {
			isa = PBXContainerItemProxy;
			containerPortal = 1E403FF0196C4D6D00312CC6 /* Project object */;
			proxyType = 1;
			remoteGlobalIDString = 1E403FF7196C4D6D00312CC6;
			remoteInfo = Bubbles;
		};
/* End PBXContainerItemProxy section */

/* Begin PBXFileReference section */
		1E403FF8196C4D6D00312CC6 /* Bubbles.app */ = {isa = PBXFileReference; explicitFileType = wrapper.application; includeInIndex = 0; path = Bubbles.app; sourceTree = BUILT_PRODUCTS_DIR; };
		1E403FFB196C4D6D00312CC6 /* Foundation.framework */ = {isa = PBXFileReference; lastKnownFileType = wrapper.framework; name = Foundation.framework; path = System/Library/Frameworks/Foundation.framework; sourceTree = SDKROOT; };
		1E403FFD196C4D6D00312CC6 /* CoreGraphics.framework */ = {isa = PBXFileReference; lastKnownFileType = wrapper.framework; name = CoreGraphics.framework; path = System/Library/Frameworks/CoreGraphics.framework; sourceTree = SDKROOT; };
		1E403FFF196C4D6D00312CC6 /* UIKit.framework */ = {isa = PBXFileReference; lastKnownFileType = wrapper.framework; name = UIKit.framework; path = System/Library/Frameworks/UIKit.framework; sourceTree = SDKROOT; };
		1E404003196C4D6D00312CC6 /* Bubbles-Info.plist */ = {isa = PBXFileReference; lastKnownFileType = text.plist.xml; path = "Bubbles-Info.plist"; sourceTree = "<group>"; };
		1E404005196C4D6D00312CC6 /* en */ = {isa = PBXFileReference; lastKnownFileType = text.plist.strings; name = en; path = en.lproj/InfoPlist.strings; sourceTree = "<group>"; };
		1E404007196C4D6D00312CC6 /* main.m */ = {isa = PBXFileReference; lastKnownFileType = sourcecode.c.objc; path = main.m; sourceTree = "<group>"; };
		1E404009196C4D6D00312CC6 /* Bubbles-Prefix.pch */ = {isa = PBXFileReference; lastKnownFileType = sourcecode.c.h; path = "Bubbles-Prefix.pch"; sourceTree = "<group>"; };
		1E40400A196C4D6D00312CC6 /* STSAppDelegate.h */ = {isa = PBXFileReference; lastKnownFileType = sourcecode.c.h; path = STSAppDelegate.h; sourceTree = "<group>"; };
		1E40400B196C4D6D00312CC6 /* STSAppDelegate.m */ = {isa = PBXFileReference; lastKnownFileType = sourcecode.c.objc; path = STSAppDelegate.m; sourceTree = "<group>"; };
		1E404010196C4D6D00312CC6 /* STSViewController.h */ = {isa = PBXFileReference; lastKnownFileType = sourcecode.c.h; path = STSViewController.h; sourceTree = "<group>"; };
		1E404011196C4D6D00312CC6 /* STSViewController.m */ = {isa = PBXFileReference; lastKnownFileType = sourcecode.c.objc; path = STSViewController.m; sourceTree = "<group>"; };
		1E404013196C4D6D00312CC6 /* Images.xcassets */ = {isa = PBXFileReference; lastKnownFileType = folder.assetcatalog; path = Images.xcassets; sourceTree = "<group>"; };
		1E404019196C4D6D00312CC6 /* BubblesTests.xctest */ = {isa = PBXFileReference; explicitFileType = wrapper.cfbundle; includeInIndex = 0; path = BubblesTests.xctest; sourceTree = BUILT_PRODUCTS_DIR; };
		1E40401A196C4D6D00312CC6 /* XCTest.framework */ = {isa = PBXFileReference; lastKnownFileType = wrapper.framework; name = XCTest.framework; path = Library/Frameworks/XCTest.framework; sourceTree = DEVELOPER_DIR; };
		1E404022196C4D6D00312CC6 /* BubblesTests-Info.plist */ = {isa = PBXFileReference; lastKnownFileType = text.plist.xml; path = "BubblesTests-Info.plist"; sourceTree = "<group>"; };
		1E404024196C4D6D00312CC6 /* en */ = {isa = PBXFileReference; lastKnownFileType = text.plist.strings; name = en; path = en.lproj/InfoPlist.strings; sourceTree = "<group>"; };
		1E404026196C4D6D00312CC6 /* BubblesTests.m */ = {isa = PBXFileReference; lastKnownFileType = sourcecode.c.objc; path = BubblesTests.m; sourceTree = "<group>"; };
		1E404030196C4F7E00312CC6 /* SpriteKit.framework */ = {isa = PBXFileReference; lastKnownFileType = wrapper.framework; name = SpriteKit.framework; path = System/Library/Frameworks/SpriteKit.framework; sourceTree = SDKROOT; };
		1E404032196C508600312CC6 /* STSGameScene.h */ = {isa = PBXFileReference; fileEncoding = 4; lastKnownFileType = sourcecode.c.h; path = STSGameScene.h; sourceTree = "<group>"; };
		1E404033196C508600312CC6 /* STSGameScene.m */ = {isa = PBXFileReference; fileEncoding = 4; lastKnownFileType = sourcecode.c.objc; path = STSGameScene.m; sourceTree = "<group>"; };
		1E92702D196CB567007677E6 /* STSDerpyViewController.h */ = {isa = PBXFileReference; fileEncoding = 4; lastKnownFileType = sourcecode.c.h; path = STSDerpyViewController.h; sourceTree = "<group>"; };
		1E92702E196CB567007677E6 /* STSDerpyViewController.m */ = {isa = PBXFileReference; fileEncoding = 4; lastKnownFileType = sourcecode.c.objc; path = STSDerpyViewController.m; sourceTree = "<group>"; };
		1E927030196CB5CB007677E6 /* STSDerpyGameScene.h */ = {isa = PBXFileReference; fileEncoding = 4; lastKnownFileType = sourcecode.c.h; path = STSDerpyGameScene.h; sourceTree = "<group>"; };
		1E927031196CB5CB007677E6 /* STSDerpyGameScene.m */ = {isa = PBXFileReference; fileEncoding = 4; lastKnownFileType = sourcecode.c.objc; path = STSDerpyGameScene.m; sourceTree = "<group>"; };
		1EBFF829196CBECE00BF23DD /* STSHelloScene.h */ = {isa = PBXFileReference; fileEncoding = 4; lastKnownFileType = sourcecode.c.h; path = STSHelloScene.h; sourceTree = "<group>"; };
		1EBFF82A196CBECE00BF23DD /* STSHelloScene.m */ = {isa = PBXFileReference; fileEncoding = 4; lastKnownFileType = sourcecode.c.objc; path = STSHelloScene.m; sourceTree = "<group>"; };
		1EBFF82C196CC1BD00BF23DD /* STSNavigationViewController.h */ = {isa = PBXFileReference; fileEncoding = 4; lastKnownFileType = sourcecode.c.h; name = STSNavigationViewController.h; path = ../STSNavigationViewController.h; sourceTree = "<group>"; };
		1EBFF82D196CC1BD00BF23DD /* STSNavigationViewController.m */ = {isa = PBXFileReference; fileEncoding = 4; lastKnownFileType = sourcecode.c.objc; name = STSNavigationViewController.m; path = ../STSNavigationViewController.m; sourceTree = "<group>"; };
/* End PBXFileReference section */

/* Begin PBXFrameworksBuildPhase section */
		1E403FF5196C4D6D00312CC6 /* Frameworks */ = {
			isa = PBXFrameworksBuildPhase;
			buildActionMask = 2147483647;
			files = (
				1E404031196C4F7E00312CC6 /* SpriteKit.framework in Frameworks */,
				1E403FFE196C4D6D00312CC6 /* CoreGraphics.framework in Frameworks */,
				1E404000196C4D6D00312CC6 /* UIKit.framework in Frameworks */,
				1E403FFC196C4D6D00312CC6 /* Foundation.framework in Frameworks */,
			);
			runOnlyForDeploymentPostprocessing = 0;
		};
		1E404016196C4D6D00312CC6 /* Frameworks */ = {
			isa = PBXFrameworksBuildPhase;
			buildActionMask = 2147483647;
			files = (
				1E40401B196C4D6D00312CC6 /* XCTest.framework in Frameworks */,
				1E40401D196C4D6D00312CC6 /* UIKit.framework in Frameworks */,
				1E40401C196C4D6D00312CC6 /* Foundation.framework in Frameworks */,
			);
			runOnlyForDeploymentPostprocessing = 0;
		};
/* End PBXFrameworksBuildPhase section */

/* Begin PBXGroup section */
		1E403FEF196C4D6D00312CC6 = {
			isa = PBXGroup;
			children = (
				1E404001196C4D6D00312CC6 /* Bubbles */,
				1E404020196C4D6D00312CC6 /* BubblesTests */,
				1E403FFA196C4D6D00312CC6 /* Frameworks */,
				1E403FF9196C4D6D00312CC6 /* Products */,
			);
			sourceTree = "<group>";
		};
		1E403FF9196C4D6D00312CC6 /* Products */ = {
			isa = PBXGroup;
			children = (
				1E403FF8196C4D6D00312CC6 /* Bubbles.app */,
				1E404019196C4D6D00312CC6 /* BubblesTests.xctest */,
			);
			name = Products;
			sourceTree = "<group>";
		};
		1E403FFA196C4D6D00312CC6 /* Frameworks */ = {
			isa = PBXGroup;
			children = (
				1E404030196C4F7E00312CC6 /* SpriteKit.framework */,
				1E403FFB196C4D6D00312CC6 /* Foundation.framework */,
				1E403FFD196C4D6D00312CC6 /* CoreGraphics.framework */,
				1E403FFF196C4D6D00312CC6 /* UIKit.framework */,
				1E40401A196C4D6D00312CC6 /* XCTest.framework */,
			);
			name = Frameworks;
			sourceTree = "<group>";
		};
		1E404001196C4D6D00312CC6 /* Bubbles */ = {
			isa = PBXGroup;
			children = (
				1EBFF829196CBECE00BF23DD /* STSHelloScene.h */,
				1EBFF82A196CBECE00BF23DD /* STSHelloScene.m */,
				1EBFF82C196CC1BD00BF23DD /* STSNavigationViewController.h */,
				1EBFF82D196CC1BD00BF23DD /* STSNavigationViewController.m */,
				1E92702D196CB567007677E6 /* STSDerpyViewController.h */,
				1E92702E196CB567007677E6 /* STSDerpyViewController.m */,
				1E40400A196C4D6D00312CC6 /* STSAppDelegate.h */,
				1E40400B196C4D6D00312CC6 /* STSAppDelegate.m */,
				1E404010196C4D6D00312CC6 /* STSViewController.h */,
				1E404011196C4D6D00312CC6 /* STSViewController.m */,
				1E404032196C508600312CC6 /* STSGameScene.h */,
				1E404033196C508600312CC6 /* STSGameScene.m */,
				1E927030196CB5CB007677E6 /* STSDerpyGameScene.h */,
				1E927031196CB5CB007677E6 /* STSDerpyGameScene.m */,
				1E404013196C4D6D00312CC6 /* Images.xcassets */,
				1E404002196C4D6D00312CC6 /* Supporting Files */,
			);
			path = Bubbles;
			sourceTree = "<group>";
		};
		1E404002196C4D6D00312CC6 /* Supporting Files */ = {
			isa = PBXGroup;
			children = (
				1E404003196C4D6D00312CC6 /* Bubbles-Info.plist */,
				1E404004196C4D6D00312CC6 /* InfoPlist.strings */,
				1E404007196C4D6D00312CC6 /* main.m */,
				1E404009196C4D6D00312CC6 /* Bubbles-Prefix.pch */,
			);
			name = "Supporting Files";
			sourceTree = "<group>";
		};
		1E404020196C4D6D00312CC6 /* BubblesTests */ = {
			isa = PBXGroup;
			children = (
				1E404026196C4D6D00312CC6 /* BubblesTests.m */,
				1E404021196C4D6D00312CC6 /* Supporting Files */,
			);
			path = BubblesTests;
			sourceTree = "<group>";
		};
		1E404021196C4D6D00312CC6 /* Supporting Files */ = {
			isa = PBXGroup;
			children = (
				1E404022196C4D6D00312CC6 /* BubblesTests-Info.plist */,
				1E404023196C4D6D00312CC6 /* InfoPlist.strings */,
			);
			name = "Supporting Files";
			sourceTree = "<group>";
		};
/* End PBXGroup section */

/* Begin PBXNativeTarget section */
		1E403FF7196C4D6D00312CC6 /* Bubbles */ = {
			isa = PBXNativeTarget;
			buildConfigurationList = 1E40402A196C4D6D00312CC6 /* Build configuration list for PBXNativeTarget "Bubbles" */;
			buildPhases = (
				1E403FF4196C4D6D00312CC6 /* Sources */,
				1E403FF5196C4D6D00312CC6 /* Frameworks */,
				1E403FF6196C4D6D00312CC6 /* Resources */,
			);
			buildRules = (
			);
			dependencies = (
			);
			name = Bubbles;
			productName = Bubbles;
			productReference = 1E403FF8196C4D6D00312CC6 /* Bubbles.app */;
			productType = "com.apple.product-type.application";
		};
		1E404018196C4D6D00312CC6 /* BubblesTests */ = {
			isa = PBXNativeTarget;
			buildConfigurationList = 1E40402D196C4D6D00312CC6 /* Build configuration list for PBXNativeTarget "BubblesTests" */;
			buildPhases = (
				1E404015196C4D6D00312CC6 /* Sources */,
				1E404016196C4D6D00312CC6 /* Frameworks */,
				1E404017196C4D6D00312CC6 /* Resources */,
			);
			buildRules = (
			);
			dependencies = (
				1E40401F196C4D6D00312CC6 /* PBXTargetDependency */,
			);
			name = BubblesTests;
			productName = BubblesTests;
			productReference = 1E404019196C4D6D00312CC6 /* BubblesTests.xctest */;
			productType = "com.apple.product-type.bundle.unit-test";
		};
/* End PBXNativeTarget section */

/* Begin PBXProject section */
		1E403FF0196C4D6D00312CC6 /* Project object */ = {
			isa = PBXProject;
			attributes = {
				CLASSPREFIX = STS;
				LastUpgradeCheck = 0510;
				ORGANIZATIONNAME = STS;
				TargetAttributes = {
					1E404018196C4D6D00312CC6 = {
						TestTargetID = 1E403FF7196C4D6D00312CC6;
					};
				};
			};
			buildConfigurationList = 1E403FF3196C4D6D00312CC6 /* Build configuration list for PBXProject "Bubbles" */;
			compatibilityVersion = "Xcode 3.2";
			developmentRegion = English;
			hasScannedForEncodings = 0;
			knownRegions = (
				en,
				Base,
			);
			mainGroup = 1E403FEF196C4D6D00312CC6;
			productRefGroup = 1E403FF9196C4D6D00312CC6 /* Products */;
			projectDirPath = "";
			projectRoot = "";
			targets = (
				1E403FF7196C4D6D00312CC6 /* Bubbles */,
				1E404018196C4D6D00312CC6 /* BubblesTests */,
			);
		};
/* End PBXProject section */

/* Begin PBXResourcesBuildPhase section */
		1E403FF6196C4D6D00312CC6 /* Resources */ = {
			isa = PBXResourcesBuildPhase;
			buildActionMask = 2147483647;
			files = (
				1E404014196C4D6D00312CC6 /* Images.xcassets in Resources */,
				1E404006196C4D6D00312CC6 /* InfoPlist.strings in Resources */,
			);
			runOnlyForDeploymentPostprocessing = 0;
		};
		1E404017196C4D6D00312CC6 /* Resources */ = {
			isa = PBXResourcesBuildPhase;
			buildActionMask = 2147483647;
			files = (
				1E404025196C4D6D00312CC6 /* InfoPlist.strings in Resources */,
			);
			runOnlyForDeploymentPostprocessing = 0;
		};
/* End PBXResourcesBuildPhase section */

/* Begin PBXSourcesBuildPhase section */
		1E403FF4196C4D6D00312CC6 /* Sources */ = {
			isa = PBXSourcesBuildPhase;
			buildActionMask = 2147483647;
			files = (
				1E927032196CB5CB007677E6 /* STSDerpyGameScene.m in Sources */,
				1EBFF82E196CC1BD00BF23DD /* STSNavigationViewController.m in Sources */,
				1E404008196C4D6D00312CC6 /* main.m in Sources */,
				1EBFF82B196CBECE00BF23DD /* STSHelloScene.m in Sources */,
				1E40400C196C4D6D00312CC6 /* STSAppDelegate.m in Sources */,
				1E404012196C4D6D00312CC6 /* STSViewController.m in Sources */,
				1E92702F196CB567007677E6 /* STSDerpyViewController.m in Sources */,
				1E404034196C508600312CC6 /* STSGameScene.m in Sources */,
			);
			runOnlyForDeploymentPostprocessing = 0;
		};
		1E404015196C4D6D00312CC6 /* Sources */ = {
			isa = PBXSourcesBuildPhase;
			buildActionMask = 2147483647;
			files = (
				1E404027196C4D6D00312CC6 /* BubblesTests.m in Sources */,
			);
			runOnlyForDeploymentPostprocessing = 0;
		};
/* End PBXSourcesBuildPhase section */

/* Begin PBXTargetDependency section */
		1E40401F196C4D6D00312CC6 /* PBXTargetDependency */ = {
			isa = PBXTargetDependency;
			target = 1E403FF7196C4D6D00312CC6 /* Bubbles */;
			targetProxy = 1E40401E196C4D6D00312CC6 /* PBXContainerItemProxy */;
		};
/* End PBXTargetDependency section */

/* Begin PBXVariantGroup section */
		1E404004196C4D6D00312CC6 /* InfoPlist.strings */ = {
			isa = PBXVariantGroup;
			children = (
				1E404005196C4D6D00312CC6 /* en */,
			);
			name = InfoPlist.strings;
			sourceTree = "<group>";
		};
		1E404023196C4D6D00312CC6 /* InfoPlist.strings */ = {
			isa = PBXVariantGroup;
			children = (
				1E404024196C4D6D00312CC6 /* en */,
			);
			name = InfoPlist.strings;
			sourceTree = "<group>";
		};
/* End PBXVariantGroup section */

/* Begin XCBuildConfiguration section */
		1E404028196C4D6D00312CC6 /* Debug */ = {
			isa = XCBuildConfiguration;
			buildSettings = {
				ALWAYS_SEARCH_USER_PATHS = NO;
				CLANG_CXX_LANGUAGE_STANDARD = "gnu++0x";
				CLANG_CXX_LIBRARY = "libc++";
				CLANG_ENABLE_MODULES = YES;
				CLANG_ENABLE_OBJC_ARC = YES;
				CLANG_WARN_BOOL_CONVERSION = YES;
				CLANG_WARN_CONSTANT_CONVERSION = YES;
				CLANG_WARN_DIRECT_OBJC_ISA_USAGE = YES_ERROR;
				CLANG_WARN_EMPTY_BODY = YES;
				CLANG_WARN_ENUM_CONVERSION = YES;
				CLANG_WARN_INT_CONVERSION = YES;
				CLANG_WARN_OBJC_ROOT_CLASS = YES_ERROR;
				CLANG_WARN__DUPLICATE_METHOD_MATCH = YES;
				"CODE_SIGN_IDENTITY[sdk=iphoneos*]" = "iPhone Developer";
				COPY_PHASE_STRIP = NO;
				GCC_C_LANGUAGE_STANDARD = gnu99;
				GCC_DYNAMIC_NO_PIC = NO;
				GCC_OPTIMIZATION_LEVEL = 0;
				GCC_PREPROCESSOR_DEFINITIONS = (
					"DEBUG=1",
					"$(inherited)",
				);
				GCC_SYMBOLS_PRIVATE_EXTERN = NO;
				GCC_WARN_64_TO_32_BIT_CONVERSION = YES;
				GCC_WARN_ABOUT_RETURN_TYPE = YES_ERROR;
				GCC_WARN_UNDECLARED_SELECTOR = YES;
				GCC_WARN_UNINITIALIZED_AUTOS = YES_AGGRESSIVE;
				GCC_WARN_UNUSED_FUNCTION = YES;
				GCC_WARN_UNUSED_VARIABLE = YES;
				IPHONEOS_DEPLOYMENT_TARGET = 7.1;
				ONLY_ACTIVE_ARCH = YES;
				SDKROOT = iphoneos;
			};
			name = Debug;
		};
		1E404029196C4D6D00312CC6 /* Release */ = {
			isa = XCBuildConfiguration;
			buildSettings = {
				ALWAYS_SEARCH_USER_PATHS = NO;
				CLANG_CXX_LANGUAGE_STANDARD = "gnu++0x";
				CLANG_CXX_LIBRARY = "libc++";
				CLANG_ENABLE_MODULES = YES;
				CLANG_ENABLE_OBJC_ARC = YES;
				CLANG_WARN_BOOL_CONVERSION = YES;
				CLANG_WARN_CONSTANT_CONVERSION = YES;
				CLANG_WARN_DIRECT_OBJC_ISA_USAGE = YES_ERROR;
				CLANG_WARN_EMPTY_BODY = YES;
				CLANG_WARN_ENUM_CONVERSION = YES;
				CLANG_WARN_INT_CONVERSION = YES;
				CLANG_WARN_OBJC_ROOT_CLASS = YES_ERROR;
				CLANG_WARN__DUPLICATE_METHOD_MATCH = YES;
				"CODE_SIGN_IDENTITY[sdk=iphoneos*]" = "iPhone Developer";
				COPY_PHASE_STRIP = YES;
				ENABLE_NS_ASSERTIONS = NO;
				GCC_C_LANGUAGE_STANDARD = gnu99;
				GCC_WARN_64_TO_32_BIT_CONVERSION = YES;
				GCC_WARN_ABOUT_RETURN_TYPE = YES_ERROR;
				GCC_WARN_UNDECLARED_SELECTOR = YES;
				GCC_WARN_UNINITIALIZED_AUTOS = YES_AGGRESSIVE;
				GCC_WARN_UNUSED_FUNCTION = YES;
				GCC_WARN_UNUSED_VARIABLE = YES;
				IPHONEOS_DEPLOYMENT_TARGET = 7.1;
				SDKROOT = iphoneos;
				VALIDATE_PRODUCT = YES;
			};
			name = Release;
		};
		1E40402B196C4D6D00312CC6 /* Debug */ = {
			isa = XCBuildConfiguration;
			buildSettings = {
				ASSETCATALOG_COMPILER_APPICON_NAME = AppIcon;
				ASSETCATALOG_COMPILER_LAUNCHIMAGE_NAME = LaunchImage;
				GCC_PRECOMPILE_PREFIX_HEADER = YES;
				GCC_PREFIX_HEADER = "Bubbles/Bubbles-Prefix.pch";
				INFOPLIST_FILE = "Bubbles/Bubbles-Info.plist";
				IPHONEOS_DEPLOYMENT_TARGET = 7.1;
				PRODUCT_NAME = "$(TARGET_NAME)";
				TARGETED_DEVICE_FAMILY = "1,2";
				WRAPPER_EXTENSION = app;
			};
			name = Debug;
		};
		1E40402C196C4D6D00312CC6 /* Release */ = {
			isa = XCBuildConfiguration;
			buildSettings = {
				ASSETCATALOG_COMPILER_APPICON_NAME = AppIcon;
				ASSETCATALOG_COMPILER_LAUNCHIMAGE_NAME = LaunchImage;
				GCC_PRECOMPILE_PREFIX_HEADER = YES;
				GCC_PREFIX_HEADER = "Bubbles/Bubbles-Prefix.pch";
				INFOPLIST_FILE = "Bubbles/Bubbles-Info.plist";
				IPHONEOS_DEPLOYMENT_TARGET = 7.1;
				PRODUCT_NAME = "$(TARGET_NAME)";
				TARGETED_DEVICE_FAMILY = "1,2";
				WRAPPER_EXTENSION = app;
			};
			name = Release;
		};
		1E40402E196C4D6D00312CC6 /* Debug */ = {
			isa = XCBuildConfiguration;
			buildSettings = {
				BUNDLE_LOADER = "$(BUILT_PRODUCTS_DIR)/Bubbles.app/Bubbles";
				FRAMEWORK_SEARCH_PATHS = (
					"$(SDKROOT)/Developer/Library/Frameworks",
					"$(inherited)",
					"$(DEVELOPER_FRAMEWORKS_DIR)",
				);
				GCC_PRECOMPILE_PREFIX_HEADER = YES;
				GCC_PREFIX_HEADER = "Bubbles/Bubbles-Prefix.pch";
				GCC_PREPROCESSOR_DEFINITIONS = (
					"DEBUG=1",
					"$(inherited)",
				);
				INFOPLIST_FILE = "BubblesTests/BubblesTests-Info.plist";
				PRODUCT_NAME = "$(TARGET_NAME)";
				TEST_HOST = "$(BUNDLE_LOADER)";
				WRAPPER_EXTENSION = xctest;
			};
			name = Debug;
		};
		1E40402F196C4D6D00312CC6 /* Release */ = {
			isa = XCBuildConfiguration;
			buildSettings = {
				BUNDLE_LOADER = "$(BUILT_PRODUCTS_DIR)/Bubbles.app/Bubbles";
				FRAMEWORK_SEARCH_PATHS = (
					"$(SDKROOT)/Developer/Library/Frameworks",
					"$(inherited)",
					"$(DEVELOPER_FRAMEWORKS_DIR)",
				);
				GCC_PRECOMPILE_PREFIX_HEADER = YES;
				GCC_PREFIX_HEADER = "Bubbles/Bubbles-Prefix.pch";
				INFOPLIST_FILE = "BubblesTests/BubblesTests-Info.plist";
				PRODUCT_NAME = "$(TARGET_NAME)";
				TEST_HOST = "$(BUNDLE_LOADER)";
				WRAPPER_EXTENSION = xctest;
			};
			name = Release;
		};
/* End XCBuildConfiguration section */

/* Begin XCConfigurationList section */
		1E403FF3196C4D6D00312CC6 /* Build configuration list for PBXProject "Bubbles" */ = {
			isa = XCConfigurationList;
			buildConfigurations = (
				1E404028196C4D6D00312CC6 /* Debug */,
				1E404029196C4D6D00312CC6 /* Release */,
			);
			defaultConfigurationIsVisible = 0;
			defaultConfigurationName = Release;
		};
		1E40402A196C4D6D00312CC6 /* Build configuration list for PBXNativeTarget "Bubbles" */ = {
			isa = XCConfigurationList;
			buildConfigurations = (
				1E40402B196C4D6D00312CC6 /* Debug */,
				1E40402C196C4D6D00312CC6 /* Release */,
			);
			defaultConfigurationIsVisible = 0;
			defaultConfigurationName = Release;
		};
		1E40402D196C4D6D00312CC6 /* Build configuration list for PBXNativeTarget "BubblesTests" */ = {
			isa = XCConfigurationList;
			buildConfigurations = (
				1E40402E196C4D6D00312CC6 /* Debug */,
				1E40402F196C4D6D00312CC6 /* Release */,
			);
			defaultConfigurationIsVisible = 0;
			defaultConfigurationName = Release;
		};
/* End XCConfigurationList section */
	};
	rootObject = 1E403FF0196C4D6D00312CC6 /* Project object */;
}
